// !$*UTF8*$!
{
	archiveVersion = 1;
	classes = {
	};
	objectVersion = 55;
	objects = {

/* Begin PBXBuildFile section */
		F013600B27B240220044E2B6 /* FPViewController.swift in Sources */ = {isa = PBXBuildFile; fileRef = F013600A27B240220044E2B6 /* FPViewController.swift */; };
		F0436CB627A2F46D0011BCA4 /* AppDelegate.swift in Sources */ = {isa = PBXBuildFile; fileRef = F0436CB527A2F46D0011BCA4 /* AppDelegate.swift */; };
		F0436CB827A2F46D0011BCA4 /* SceneDelegate.swift in Sources */ = {isa = PBXBuildFile; fileRef = F0436CB727A2F46D0011BCA4 /* SceneDelegate.swift */; };
		F0436CBA27A2F46D0011BCA4 /* ViewController.swift in Sources */ = {isa = PBXBuildFile; fileRef = F0436CB927A2F46D0011BCA4 /* ViewController.swift */; };
		F0436CBD27A2F46D0011BCA4 /* Main.storyboard in Resources */ = {isa = PBXBuildFile; fileRef = F0436CBB27A2F46D0011BCA4 /* Main.storyboard */; };
		F0436CBF27A2F46F0011BCA4 /* Assets.xcassets in Resources */ = {isa = PBXBuildFile; fileRef = F0436CBE27A2F46F0011BCA4 /* Assets.xcassets */; };
		F0436CC227A2F46F0011BCA4 /* LaunchScreen.storyboard in Resources */ = {isa = PBXBuildFile; fileRef = F0436CC027A2F46F0011BCA4 /* LaunchScreen.storyboard */; };
		F0436CCD27A2F46F0011BCA4 /* DemoTests.swift in Sources */ = {isa = PBXBuildFile; fileRef = F0436CCC27A2F46F0011BCA4 /* DemoTests.swift */; };
		F0436CD727A2F46F0011BCA4 /* DemoUITests.swift in Sources */ = {isa = PBXBuildFile; fileRef = F0436CD627A2F46F0011BCA4 /* DemoUITests.swift */; };
		F0436CD927A2F46F0011BCA4 /* DemoUITestsLaunchTests.swift in Sources */ = {isa = PBXBuildFile; fileRef = F0436CD827A2F46F0011BCA4 /* DemoUITestsLaunchTests.swift */; };
/* End PBXBuildFile section */

/* Begin PBXContainerItemProxy section */
		F0436CC927A2F46F0011BCA4 /* PBXContainerItemProxy */ = {
			isa = PBXContainerItemProxy;
			containerPortal = F0436CAA27A2F46D0011BCA4 /* Project object */;
			proxyType = 1;
			remoteGlobalIDString = F0436CB127A2F46D0011BCA4;
			remoteInfo = Demo;
		};
		F0436CD327A2F46F0011BCA4 /* PBXContainerItemProxy */ = {
			isa = PBXContainerItemProxy;
			containerPortal = F0436CAA27A2F46D0011BCA4 /* Project object */;
			proxyType = 1;
			remoteGlobalIDString = F0436CB127A2F46D0011BCA4;
			remoteInfo = Demo;
		};
/* End PBXContainerItemProxy section */

/* Begin PBXFileReference section */
		F013600A27B240220044E2B6 /* FPViewController.swift */ = {isa = PBXFileReference; lastKnownFileType = sourcecode.swift; path = FPViewController.swift; sourceTree = "<group>"; };
		F0436CB227A2F46D0011BCA4 /* Demo.app */ = {isa = PBXFileReference; explicitFileType = wrapper.application; includeInIndex = 0; path = Demo.app; sourceTree = BUILT_PRODUCTS_DIR; };
		F0436CB527A2F46D0011BCA4 /* AppDelegate.swift */ = {isa = PBXFileReference; lastKnownFileType = sourcecode.swift; path = AppDelegate.swift; sourceTree = "<group>"; };
		F0436CB727A2F46D0011BCA4 /* SceneDelegate.swift */ = {isa = PBXFileReference; lastKnownFileType = sourcecode.swift; path = SceneDelegate.swift; sourceTree = "<group>"; };
		F0436CB927A2F46D0011BCA4 /* ViewController.swift */ = {isa = PBXFileReference; lastKnownFileType = sourcecode.swift; path = ViewController.swift; sourceTree = "<group>"; };
		F0436CBC27A2F46D0011BCA4 /* Base */ = {isa = PBXFileReference; lastKnownFileType = file.storyboard; name = Base; path = Base.lproj/Main.storyboard; sourceTree = "<group>"; };
		F0436CBE27A2F46F0011BCA4 /* Assets.xcassets */ = {isa = PBXFileReference; lastKnownFileType = folder.assetcatalog; path = Assets.xcassets; sourceTree = "<group>"; };
		F0436CC127A2F46F0011BCA4 /* Base */ = {isa = PBXFileReference; lastKnownFileType = file.storyboard; name = Base; path = Base.lproj/LaunchScreen.storyboard; sourceTree = "<group>"; };
		F0436CC327A2F46F0011BCA4 /* Info.plist */ = {isa = PBXFileReference; lastKnownFileType = text.plist.xml; path = Info.plist; sourceTree = "<group>"; };
		F0436CC827A2F46F0011BCA4 /* DemoTests.xctest */ = {isa = PBXFileReference; explicitFileType = wrapper.cfbundle; includeInIndex = 0; path = DemoTests.xctest; sourceTree = BUILT_PRODUCTS_DIR; };
		F0436CCC27A2F46F0011BCA4 /* DemoTests.swift */ = {isa = PBXFileReference; lastKnownFileType = sourcecode.swift; path = DemoTests.swift; sourceTree = "<group>"; };
		F0436CD227A2F46F0011BCA4 /* DemoUITests.xctest */ = {isa = PBXFileReference; explicitFileType = wrapper.cfbundle; includeInIndex = 0; path = DemoUITests.xctest; sourceTree = BUILT_PRODUCTS_DIR; };
		F0436CD627A2F46F0011BCA4 /* DemoUITests.swift */ = {isa = PBXFileReference; lastKnownFileType = sourcecode.swift; path = DemoUITests.swift; sourceTree = "<group>"; };
		F0436CD827A2F46F0011BCA4 /* DemoUITestsLaunchTests.swift */ = {isa = PBXFileReference; lastKnownFileType = sourcecode.swift; path = DemoUITestsLaunchTests.swift; sourceTree = "<group>"; };
/* End PBXFileReference section */

/* Begin PBXFrameworksBuildPhase section */
		F0436CAF27A2F46D0011BCA4 /* Frameworks */ = {
			isa = PBXFrameworksBuildPhase;
			buildActionMask = 2147483647;
			files = (
			);
			runOnlyForDeploymentPostprocessing = 0;
		};
		F0436CC527A2F46F0011BCA4 /* Frameworks */ = {
			isa = PBXFrameworksBuildPhase;
			buildActionMask = 2147483647;
			files = (
			);
			runOnlyForDeploymentPostprocessing = 0;
		};
		F0436CCF27A2F46F0011BCA4 /* Frameworks */ = {
			isa = PBXFrameworksBuildPhase;
			buildActionMask = 2147483647;
			files = (
			);
			runOnlyForDeploymentPostprocessing = 0;
		};
/* End PBXFrameworksBuildPhase section */

/* Begin PBXGroup section */
		F0436CA927A2F46D0011BCA4 = {
			isa = PBXGroup;
			children = (
				F0436CB427A2F46D0011BCA4 /* Demo */,
				F0436CCB27A2F46F0011BCA4 /* DemoTests */,
				F0436CD527A2F46F0011BCA4 /* DemoUITests */,
				F0436CB327A2F46D0011BCA4 /* Products */,
			);
			sourceTree = "<group>";
		};
		F0436CB327A2F46D0011BCA4 /* Products */ = {
			isa = PBXGroup;
			children = (
				F0436CB227A2F46D0011BCA4 /* Demo.app */,
				F0436CC827A2F46F0011BCA4 /* DemoTests.xctest */,
				F0436CD227A2F46F0011BCA4 /* DemoUITests.xctest */,
			);
			name = Products;
			sourceTree = "<group>";
		};
		F0436CB427A2F46D0011BCA4 /* Demo */ = {
			isa = PBXGroup;
			children = (
				F0436CB527A2F46D0011BCA4 /* AppDelegate.swift */,
				F0436CB727A2F46D0011BCA4 /* SceneDelegate.swift */,
				F0436CB927A2F46D0011BCA4 /* ViewController.swift */,
				F0436CBB27A2F46D0011BCA4 /* Main.storyboard */,
				F0436CBE27A2F46F0011BCA4 /* Assets.xcassets */,
				F0436CC027A2F46F0011BCA4 /* LaunchScreen.storyboard */,
				F0436CC327A2F46F0011BCA4 /* Info.plist */,
				F013600A27B240220044E2B6 /* FPViewController.swift */,
			);
			path = Demo;
			sourceTree = "<group>";
		};
		F0436CCB27A2F46F0011BCA4 /* DemoTests */ = {
			isa = PBXGroup;
			children = (
				F0436CCC27A2F46F0011BCA4 /* DemoTests.swift */,
			);
			path = DemoTests;
			sourceTree = "<group>";
		};
		F0436CD527A2F46F0011BCA4 /* DemoUITests */ = {
			isa = PBXGroup;
			children = (
				F0436CD627A2F46F0011BCA4 /* DemoUITests.swift */,
				F0436CD827A2F46F0011BCA4 /* DemoUITestsLaunchTests.swift */,
			);
			path = DemoUITests;
			sourceTree = "<group>";
		};
/* End PBXGroup section */

/* Begin PBXNativeTarget section */
		F0436CB127A2F46D0011BCA4 /* Demo */ = {
			isa = PBXNativeTarget;
			buildConfigurationList = F0436CDC27A2F46F0011BCA4 /* Build configuration list for PBXNativeTarget "Demo" */;
			buildPhases = (
				F0436CAE27A2F46D0011BCA4 /* Sources */,
				F0436CAF27A2F46D0011BCA4 /* Frameworks */,
				F0436CB027A2F46D0011BCA4 /* Resources */,
			);
			buildRules = (
			);
			dependencies = (
			);
			name = Demo;
			productName = Demo;
			productReference = F0436CB227A2F46D0011BCA4 /* Demo.app */;
			productType = "com.apple.product-type.application";
		};
		F0436CC727A2F46F0011BCA4 /* DemoTests */ = {
			isa = PBXNativeTarget;
			buildConfigurationList = F0436CDF27A2F46F0011BCA4 /* Build configuration list for PBXNativeTarget "DemoTests" */;
			buildPhases = (
				F0436CC427A2F46F0011BCA4 /* Sources */,
				F0436CC527A2F46F0011BCA4 /* Frameworks */,
				F0436CC627A2F46F0011BCA4 /* Resources */,
			);
			buildRules = (
			);
			dependencies = (
				F0436CCA27A2F46F0011BCA4 /* PBXTargetDependency */,
			);
			name = DemoTests;
			productName = DemoTests;
			productReference = F0436CC827A2F46F0011BCA4 /* DemoTests.xctest */;
			productType = "com.apple.product-type.bundle.unit-test";
		};
		F0436CD127A2F46F0011BCA4 /* DemoUITests */ = {
			isa = PBXNativeTarget;
			buildConfigurationList = F0436CE227A2F46F0011BCA4 /* Build configuration list for PBXNativeTarget "DemoUITests" */;
			buildPhases = (
				F0436CCE27A2F46F0011BCA4 /* Sources */,
				F0436CCF27A2F46F0011BCA4 /* Frameworks */,
				F0436CD027A2F46F0011BCA4 /* Resources */,
			);
			buildRules = (
			);
			dependencies = (
				F0436CD427A2F46F0011BCA4 /* PBXTargetDependency */,
			);
			name = DemoUITests;
			productName = DemoUITests;
			productReference = F0436CD227A2F46F0011BCA4 /* DemoUITests.xctest */;
			productType = "com.apple.product-type.bundle.ui-testing";
		};
/* End PBXNativeTarget section */

/* Begin PBXProject section */
		F0436CAA27A2F46D0011BCA4 /* Project object */ = {
			isa = PBXProject;
			attributes = {
				BuildIndependentTargetsInParallel = 1;
				LastSwiftUpdateCheck = 1320;
				LastUpgradeCheck = 1320;
				TargetAttributes = {
					F0436CB127A2F46D0011BCA4 = {
						CreatedOnToolsVersion = 13.2.1;
					};
					F0436CC727A2F46F0011BCA4 = {
						CreatedOnToolsVersion = 13.2.1;
						TestTargetID = F0436CB127A2F46D0011BCA4;
					};
					F0436CD127A2F46F0011BCA4 = {
						CreatedOnToolsVersion = 13.2.1;
						TestTargetID = F0436CB127A2F46D0011BCA4;
					};
				};
			};
			buildConfigurationList = F0436CAD27A2F46D0011BCA4 /* Build configuration list for PBXProject "Demo" */;
			compatibilityVersion = "Xcode 13.0";
			developmentRegion = en;
			hasScannedForEncodings = 0;
			knownRegions = (
				en,
				Base,
			);
			mainGroup = F0436CA927A2F46D0011BCA4;
			productRefGroup = F0436CB327A2F46D0011BCA4 /* Products */;
			projectDirPath = "";
			projectRoot = "";
			targets = (
				F0436CB127A2F46D0011BCA4 /* Demo */,
				F0436CC727A2F46F0011BCA4 /* DemoTests */,
				F0436CD127A2F46F0011BCA4 /* DemoUITests */,
			);
		};
/* End PBXProject section */

/* Begin PBXResourcesBuildPhase section */
		F0436CB027A2F46D0011BCA4 /* Resources */ = {
			isa = PBXResourcesBuildPhase;
			buildActionMask = 2147483647;
			files = (
				F0436CC227A2F46F0011BCA4 /* LaunchScreen.storyboard in Resources */,
				F0436CBF27A2F46F0011BCA4 /* Assets.xcassets in Resources */,
				F0436CBD27A2F46D0011BCA4 /* Main.storyboard in Resources */,
			);
			runOnlyForDeploymentPostprocessing = 0;
		};
		F0436CC627A2F46F0011BCA4 /* Resources */ = {
			isa = PBXResourcesBuildPhase;
			buildActionMask = 2147483647;
			files = (
			);
			runOnlyForDeploymentPostprocessing = 0;
		};
		F0436CD027A2F46F0011BCA4 /* Resources */ = {
			isa = PBXResourcesBuildPhase;
			buildActionMask = 2147483647;
			files = (
			);
			runOnlyForDeploymentPostprocessing = 0;
		};
/* End PBXResourcesBuildPhase section */

/* Begin PBXSourcesBuildPhase section */
		F0436CAE27A2F46D0011BCA4 /* Sources */ = {
			isa = PBXSourcesBuildPhase;
			buildActionMask = 2147483647;
			files = (
				F0436CBA27A2F46D0011BCA4 /* ViewController.swift in Sources */,
				F0436CB627A2F46D0011BCA4 /* AppDelegate.swift in Sources */,
				F013600B27B240220044E2B6 /* FPViewController.swift in Sources */,
				F0436CB827A2F46D0011BCA4 /* SceneDelegate.swift in Sources */,
			);
			runOnlyForDeploymentPostprocessing = 0;
		};
		F0436CC427A2F46F0011BCA4 /* Sources */ = {
			isa = PBXSourcesBuildPhase;
			buildActionMask = 2147483647;
			files = (
				F0436CCD27A2F46F0011BCA4 /* DemoTests.swift in Sources */,
			);
			runOnlyForDeploymentPostprocessing = 0;
		};
		F0436CCE27A2F46F0011BCA4 /* Sources */ = {
			isa = PBXSourcesBuildPhase;
			buildActionMask = 2147483647;
			files = (
				F0436CD727A2F46F0011BCA4 /* DemoUITests.swift in Sources */,
				F0436CD927A2F46F0011BCA4 /* DemoUITestsLaunchTests.swift in Sources */,
			);
			runOnlyForDeploymentPostprocessing = 0;
		};
/* End PBXSourcesBuildPhase section */

/* Begin PBXTargetDependency section */
		F0436CCA27A2F46F0011BCA4 /* PBXTargetDependency */ = {
			isa = PBXTargetDependency;
			target = F0436CB127A2F46D0011BCA4 /* Demo */;
			targetProxy = F0436CC927A2F46F0011BCA4 /* PBXContainerItemProxy */;
		};
		F0436CD427A2F46F0011BCA4 /* PBXTargetDependency */ = {
			isa = PBXTargetDependency;
			target = F0436CB127A2F46D0011BCA4 /* Demo */;
			targetProxy = F0436CD327A2F46F0011BCA4 /* PBXContainerItemProxy */;
		};
/* End PBXTargetDependency section */

/* Begin PBXVariantGroup section */
		F0436CBB27A2F46D0011BCA4 /* Main.storyboard */ = {
			isa = PBXVariantGroup;
			children = (
				F0436CBC27A2F46D0011BCA4 /* Base */,
			);
			name = Main.storyboard;
			sourceTree = "<group>";
		};
		F0436CC027A2F46F0011BCA4 /* LaunchScreen.storyboard */ = {
			isa = PBXVariantGroup;
			children = (
				F0436CC127A2F46F0011BCA4 /* Base */,
			);
			name = LaunchScreen.storyboard;
			sourceTree = "<group>";
		};
/* End PBXVariantGroup section */

/* Begin XCBuildConfiguration section */
		F0436CDA27A2F46F0011BCA4 /* Debug */ = {
			isa = XCBuildConfiguration;
			buildSettings = {
				ALWAYS_SEARCH_USER_PATHS = NO;
				CLANG_ANALYZER_NONNULL = YES;
				CLANG_ANALYZER_NUMBER_OBJECT_CONVERSION = YES_AGGRESSIVE;
				CLANG_CXX_LANGUAGE_STANDARD = "gnu++17";
				CLANG_CXX_LIBRARY = "libc++";
				CLANG_ENABLE_MODULES = YES;
				CLANG_ENABLE_OBJC_ARC = YES;
				CLANG_ENABLE_OBJC_WEAK = YES;
				CLANG_WARN_BLOCK_CAPTURE_AUTORELEASING = YES;
				CLANG_WARN_BOOL_CONVERSION = YES;
				CLANG_WARN_COMMA = YES;
				CLANG_WARN_CONSTANT_CONVERSION = YES;
				CLANG_WARN_DEPRECATED_OBJC_IMPLEMENTATIONS = YES;
				CLANG_WARN_DIRECT_OBJC_ISA_USAGE = YES_ERROR;
				CLANG_WARN_DOCUMENTATION_COMMENTS = YES;
				CLANG_WARN_EMPTY_BODY = YES;
				CLANG_WARN_ENUM_CONVERSION = YES;
				CLANG_WARN_INFINITE_RECURSION = YES;
				CLANG_WARN_INT_CONVERSION = YES;
				CLANG_WARN_NON_LITERAL_NULL_CONVERSION = YES;
				CLANG_WARN_OBJC_IMPLICIT_RETAIN_SELF = YES;
				CLANG_WARN_OBJC_LITERAL_CONVERSION = YES;
				CLANG_WARN_OBJC_ROOT_CLASS = YES_ERROR;
				CLANG_WARN_QUOTED_INCLUDE_IN_FRAMEWORK_HEADER = YES;
				CLANG_WARN_RANGE_LOOP_ANALYSIS = YES;
				CLANG_WARN_STRICT_PROTOTYPES = YES;
				CLANG_WARN_SUSPICIOUS_MOVE = YES;
				CLANG_WARN_UNGUARDED_AVAILABILITY = YES_AGGRESSIVE;
				CLANG_WARN_UNREACHABLE_CODE = YES;
				CLANG_WARN__DUPLICATE_METHOD_MATCH = YES;
				COPY_PHASE_STRIP = NO;
				DEBUG_INFORMATION_FORMAT = dwarf;
				ENABLE_STRICT_OBJC_MSGSEND = YES;
				ENABLE_TESTABILITY = YES;
				GCC_C_LANGUAGE_STANDARD = gnu11;
				GCC_DYNAMIC_NO_PIC = NO;
				GCC_NO_COMMON_BLOCKS = YES;
				GCC_OPTIMIZATION_LEVEL = 0;
				GCC_PREPROCESSOR_DEFINITIONS = (
					"DEBUG=1",
					"$(inherited)",
				);
				GCC_WARN_64_TO_32_BIT_CONVERSION = YES;
				GCC_WARN_ABOUT_RETURN_TYPE = YES_ERROR;
				GCC_WARN_UNDECLARED_SELECTOR = YES;
				GCC_WARN_UNINITIALIZED_AUTOS = YES_AGGRESSIVE;
				GCC_WARN_UNUSED_FUNCTION = YES;
				GCC_WARN_UNUSED_VARIABLE = YES;
				IPHONEOS_DEPLOYMENT_TARGET = 15.2;
				MTL_ENABLE_DEBUG_INFO = INCLUDE_SOURCE;
				MTL_FAST_MATH = YES;
				ONLY_ACTIVE_ARCH = YES;
				SDKROOT = iphoneos;
				SWIFT_ACTIVE_COMPILATION_CONDITIONS = DEBUG;
				SWIFT_OPTIMIZATION_LEVEL = "-Onone";
			};
			name = Debug;
		};
		F0436CDB27A2F46F0011BCA4 /* Release */ = {
			isa = XCBuildConfiguration;
			buildSettings = {
				ALWAYS_SEARCH_USER_PATHS = NO;
				CLANG_ANALYZER_NONNULL = YES;
				CLANG_ANALYZER_NUMBER_OBJECT_CONVERSION = YES_AGGRESSIVE;
				CLANG_CXX_LANGUAGE_STANDARD = "gnu++17";
				CLANG_CXX_LIBRARY = "libc++";
				CLANG_ENABLE_MODULES = YES;
				CLANG_ENABLE_OBJC_ARC = YES;
				CLANG_ENABLE_OBJC_WEAK = YES;
				CLANG_WARN_BLOCK_CAPTURE_AUTORELEASING = YES;
				CLANG_WARN_BOOL_CONVERSION = YES;
				CLANG_WARN_COMMA = YES;
				CLANG_WARN_CONSTANT_CONVERSION = YES;
				CLANG_WARN_DEPRECATED_OBJC_IMPLEMENTATIONS = YES;
				CLANG_WARN_DIRECT_OBJC_ISA_USAGE = YES_ERROR;
				CLANG_WARN_DOCUMENTATION_COMMENTS = YES;
				CLANG_WARN_EMPTY_BODY = YES;
				CLANG_WARN_ENUM_CONVERSION = YES;
				CLANG_WARN_INFINITE_RECURSION = YES;
				CLANG_WARN_INT_CONVERSION = YES;
				CLANG_WARN_NON_LITERAL_NULL_CONVERSION = YES;
				CLANG_WARN_OBJC_IMPLICIT_RETAIN_SELF = YES;
				CLANG_WARN_OBJC_LITERAL_CONVERSION = YES;
				CLANG_WARN_OBJC_ROOT_CLASS = YES_ERROR;
				CLANG_WARN_QUOTED_INCLUDE_IN_FRAMEWORK_HEADER = YES;
				CLANG_WARN_RANGE_LOOP_ANALYSIS = YES;
				CLANG_WARN_STRICT_PROTOTYPES = YES;
				CLANG_WARN_SUSPICIOUS_MOVE = YES;
				CLANG_WARN_UNGUARDED_AVAILABILITY = YES_AGGRESSIVE;
				CLANG_WARN_UNREACHABLE_CODE = YES;
				CLANG_WARN__DUPLICATE_METHOD_MATCH = YES;
				COPY_PHASE_STRIP = NO;
				DEBUG_INFORMATION_FORMAT = "dwarf-with-dsym";
				ENABLE_NS_ASSERTIONS = NO;
				ENABLE_STRICT_OBJC_MSGSEND = YES;
				GCC_C_LANGUAGE_STANDARD = gnu11;
				GCC_NO_COMMON_BLOCKS = YES;
				GCC_WARN_64_TO_32_BIT_CONVERSION = YES;
				GCC_WARN_ABOUT_RETURN_TYPE = YES_ERROR;
				GCC_WARN_UNDECLARED_SELECTOR = YES;
				GCC_WARN_UNINITIALIZED_AUTOS = YES_AGGRESSIVE;
				GCC_WARN_UNUSED_FUNCTION = YES;
				GCC_WARN_UNUSED_VARIABLE = YES;
				IPHONEOS_DEPLOYMENT_TARGET = 15.2;
				MTL_ENABLE_DEBUG_INFO = NO;
				MTL_FAST_MATH = YES;
				SDKROOT = iphoneos;
				SWIFT_COMPILATION_MODE = wholemodule;
				SWIFT_OPTIMIZATION_LEVEL = "-O";
				VALIDATE_PRODUCT = YES;
			};
			name = Release;
		};
		F0436CDD27A2F46F0011BCA4 /* Debug */ = {
			isa = XCBuildConfiguration;
			buildSettings = {
				ASSETCATALOG_COMPILER_APPICON_NAME = AppIcon;
				ASSETCATALOG_COMPILER_GLOBAL_ACCENT_COLOR_NAME = AccentColor;
				CODE_SIGN_STYLE = Automatic;
				CURRENT_PROJECT_VERSION = 1;
				GENERATE_INFOPLIST_FILE = YES;
				INFOPLIST_FILE = Demo/Info.plist;
				INFOPLIST_KEY_UIApplicationSupportsIndirectInputEvents = YES;
				INFOPLIST_KEY_UILaunchStoryboardName = LaunchScreen;
				INFOPLIST_KEY_UIMainStoryboardFile = Main;
				INFOPLIST_KEY_UISupportedInterfaceOrientations_iPad = "UIInterfaceOrientationPortrait UIInterfaceOrientationPortraitUpsideDown UIInterfaceOrientationLandscapeLeft UIInterfaceOrientationLandscapeRight";
				INFOPLIST_KEY_UISupportedInterfaceOrientations_iPhone = "UIInterfaceOrientationPortrait UIInterfaceOrientationLandscapeLeft UIInterfaceOrientationLandscapeRight";
				LD_RUNPATH_SEARCH_PATHS = (
					"$(inherited)",
					"@executable_path/Frameworks",
				);
				MARKETING_VERSION = 1.0;
				PRODUCT_BUNDLE_IDENTIFIER = memo.com.Demo;
				PRODUCT_NAME = "$(TARGET_NAME)";
				SWIFT_EMIT_LOC_STRINGS = YES;
				SWIFT_VERSION = 5.0;
				TARGETED_DEVICE_FAMILY = "1,2";
			};
			name = Debug;
		};
		F0436CDE27A2F46F0011BCA4 /* Release */ = {
			isa = XCBuildConfiguration;
			buildSettings = {
				ASSETCATALOG_COMPILER_APPICON_NAME = AppIcon;
				ASSETCATALOG_COMPILER_GLOBAL_ACCENT_COLOR_NAME = AccentColor;
				CODE_SIGN_STYLE = Automatic;
				CURRENT_PROJECT_VERSION = 1;
				GENERATE_INFOPLIST_FILE = YES;
				INFOPLIST_FILE = Demo/Info.plist;
				INFOPLIST_KEY_UIApplicationSupportsIndirectInputEvents = YES;
				INFOPLIST_KEY_UILaunchStoryboardName = LaunchScreen;
				INFOPLIST_KEY_UIMainStoryboardFile = Main;
				INFOPLIST_KEY_UISupportedInterfaceOrientations_iPad = "UIInterfaceOrientationPortrait UIInterfaceOrientationPortraitUpsideDown UIInterfaceOrientationLandscapeLeft UIInterfaceOrientationLandscapeRight";
				INFOPLIST_KEY_UISupportedInterfaceOrientations_iPhone = "UIInterfaceOrientationPortrait UIInterfaceOrientationLandscapeLeft UIInterfaceOrientationLandscapeRight";
				LD_RUNPATH_SEARCH_PATHS = (
					"$(inherited)",
					"@executable_path/Frameworks",
				);
				MARKETING_VERSION = 1.0;
				PRODUCT_BUNDLE_IDENTIFIER = memo.com.Demo;
				PRODUCT_NAME = "$(TARGET_NAME)";
				SWIFT_EMIT_LOC_STRINGS = YES;
				SWIFT_VERSION = 5.0;
				TARGETED_DEVICE_FAMILY = "1,2";
			};
			name = Release;
		};
		F0436CE027A2F46F0011BCA4 /* Debug */ = {
			isa = XCBuildConfiguration;
			buildSettings = {
				ALWAYS_EMBED_SWIFT_STANDARD_LIBRARIES = YES;
				BUNDLE_LOADER = "$(TEST_HOST)";
				CODE_SIGN_STYLE = Automatic;
				CURRENT_PROJECT_VERSION = 1;
				GENERATE_INFOPLIST_FILE = YES;
				IPHONEOS_DEPLOYMENT_TARGET = 15.2;
				MARKETING_VERSION = 1.0;
				PRODUCT_BUNDLE_IDENTIFIER = memo.com.DemoTests;
				PRODUCT_NAME = "$(TARGET_NAME)";
				SWIFT_EMIT_LOC_STRINGS = NO;
				SWIFT_VERSION = 5.0;
				TARGETED_DEVICE_FAMILY = "1,2";
				TEST_HOST = "$(BUILT_PRODUCTS_DIR)/Demo.app/Demo";
			};
			name = Debug;
		};
		F0436CE127A2F46F0011BCA4 /* Release */ = {
			isa = XCBuildConfiguration;
			buildSettings = {
				ALWAYS_EMBED_SWIFT_STANDARD_LIBRARIES = YES;
				BUNDLE_LOADER = "$(TEST_HOST)";
				CODE_SIGN_STYLE = Automatic;
				CURRENT_PROJECT_VERSION = 1;
				GENERATE_INFOPLIST_FILE = YES;
				IPHONEOS_DEPLOYMENT_TARGET = 15.2;
				MARKETING_VERSION = 1.0;
				PRODUCT_BUNDLE_IDENTIFIER = memo.com.DemoTests;
				PRODUCT_NAME = "$(TARGET_NAME)";
				SWIFT_EMIT_LOC_STRINGS = NO;
				SWIFT_VERSION = 5.0;
				TARGETED_DEVICE_FAMILY = "1,2";
				TEST_HOST = "$(BUILT_PRODUCTS_DIR)/Demo.app/Demo";
			};
			name = Release;
		};
		F0436CE327A2F46F0011BCA4 /* Debug */ = {
			isa = XCBuildConfiguration;
			buildSettings = {
				ALWAYS_EMBED_SWIFT_STANDARD_LIBRARIES = YES;
				CODE_SIGN_STYLE = Automatic;
				CURRENT_PROJECT_VERSION = 1;
				GENERATE_INFOPLIST_FILE = YES;
				MARKETING_VERSION = 1.0;
				PRODUCT_BUNDLE_IDENTIFIER = memo.com.DemoUITests;
				PRODUCT_NAME = "$(TARGET_NAME)";
				SWIFT_EMIT_LOC_STRINGS = NO;
				SWIFT_VERSION = 5.0;
				TARGETED_DEVICE_FAMILY = "1,2";
				TEST_TARGET_NAME = Demo;
			};
			name = Debug;
		};
		F0436CE427A2F46F0011BCA4 /* Release */ = {
			isa = XCBuildConfiguration;
			buildSettings = {
				ALWAYS_EMBED_SWIFT_STANDARD_LIBRARIES = YES;
				CODE_SIGN_STYLE = Automatic;
				CURRENT_PROJECT_VERSION = 1;
				GENERATE_INFOPLIST_FILE = YES;
				MARKETING_VERSION = 1.0;
				PRODUCT_BUNDLE_IDENTIFIER = memo.com.DemoUITests;
				PRODUCT_NAME = "$(TARGET_NAME)";
				SWIFT_EMIT_LOC_STRINGS = NO;
				SWIFT_VERSION = 5.0;
				TARGETED_DEVICE_FAMILY = "1,2";
				TEST_TARGET_NAME = Demo;
			};
			name = Release;
		};
/* End XCBuildConfiguration section */

/* Begin XCConfigurationList section */
		F0436CAD27A2F46D0011BCA4 /* Build configuration list for PBXProject "Demo" */ = {
			isa = XCConfigurationList;
			buildConfigurations = (
				F0436CDA27A2F46F0011BCA4 /* Debug */,
				F0436CDB27A2F46F0011BCA4 /* Release */,
			);
			defaultConfigurationIsVisible = 0;
			defaultConfigurationName = Release;
		};
		F0436CDC27A2F46F0011BCA4 /* Build configuration list for PBXNativeTarget "Demo" */ = {
			isa = XCConfigurationList;
			buildConfigurations = (
				F0436CDD27A2F46F0011BCA4 /* Debug */,
				F0436CDE27A2F46F0011BCA4 /* Release */,
			);
			defaultConfigurationIsVisible = 0;
			defaultConfigurationName = Release;
		};
		F0436CDF27A2F46F0011BCA4 /* Build configuration list for PBXNativeTarget "DemoTests" */ = {
			isa = XCConfigurationList;
			buildConfigurations = (
				F0436CE027A2F46F0011BCA4 /* Debug */,
				F0436CE127A2F46F0011BCA4 /* Release */,
			);
			defaultConfigurationIsVisible = 0;
			defaultConfigurationName = Release;
		};
		F0436CE227A2F46F0011BCA4 /* Build configuration list for PBXNativeTarget "DemoUITests" */ = {
			isa = XCConfigurationList;
			buildConfigurations = (
				F0436CE327A2F46F0011BCA4 /* Debug */,
				F0436CE427A2F46F0011BCA4 /* Release */,
			);
			defaultConfigurationIsVisible = 0;
			defaultConfigurationName = Release;
		};
/* End XCConfigurationList section */
	};
	rootObject = F0436CAA27A2F46D0011BCA4 /* Project object */;
}
